
Microsoft Visual Studio Solution File, Format Version 12.00
# Visual Studio Version 16
VisualStudioVersion = 16.0.32126.315
MinimumVisualStudioVersion = 10.0.40219.1
Project("{FAE04EC0-301F-11D3-BF4B-00C04F79EFBC}") = "EffectCompiler", "EffectCompiler\EffectCompiler.csproj", "{D28F2F09-42C6-4479-85BE-741E22488048}"
EndProject
Global
	GlobalSection(SolutionConfigurationPlatforms) = preSolution
		Debug|Any CPU = Debug|Any CPU
		Release|Any CPU = Release|Any CPU
	EndGlobalSection
	GlobalSection(ProjectConfigurationPlatforms) = postSolution
		{D28F2F09-42C6-4479-85BE-741E22488048}.Debug|Any CPU.ActiveCfg = Debug|Any CPU
		{D28F2F09-42C6-4479-85BE-741E22488048}.Debug|Any CPU.Build.0 = Debug|Any CPU
		{D28F2F09-42C6-4479-85BE-741E22488048}.Release|Any CPU.ActiveCfg = Release|Any CPU
		{D28F2F09-42C6-4479-85BE-741E22488048}.Release|Any CPU.Build.0 = Release|Any CPU
	EndGlobalSection
	GlobalSection(SolutionProperties) = preSolution
		HideSolutionNode = FALSE
	EndGlobalSection
	GlobalSection(ExtensibilityGlobals) = postSolution
		SolutionGuid = {5F2C4CAF-F22E-4631-B4CF-2BBAABD7BA09}
	EndGlobalSection
EndGlobal
